{
  "name": "nodejs-blockchain",
  "version": "1.0.0",
  "lockfileVersion": 1,
  "requires": true,
  "dependencies": {
    "@types/node": {
      "version": "14.14.39",
      "resolved": "https://registry.npmjs.org/@types/node/-/node-14.14.39.tgz",
      "integrity": "sha512-Qipn7rfTxGEDqZiezH+wxqWYR8vcXq5LRpZrETD19Gs4o8LbklbmqotSUsMU+s5G3PJwMRDfNEYoxrcBwIxOuw==",
      "dev": true
    },
    "typescript": {
      "version": "4.2.2",
      "resolved": "https://registry.npmjs.org/typescript/-/typescript-4.2.2.tgz",
      "integrity": "sha512-tbb+NVrLfnsJy3M59lsDgrzWIflR4d4TIUjz+heUnHZwdF7YsrMTKoRERiIvI2lvBG95dfpLxB21WZhys1bgaQ==",
      "dev": true
    }
  }
}
